
Microsoft Visual Studio Solution File, Format Version 11.00
# Visual Studio 2010
Project("{F184B08F-C81C-45F6-A57F-5ABD9991F28F}") = "Dispatch_Uploader", "Dispatch_Uploader\Dispatch_Uploader.vbproj", "{D78BA859-4E58-47A1-AFCC-E91B90655C16}"
EndProject
Global
	GlobalSection(SolutionConfigurationPlatforms) = preSolution
		Debug|x86 = Debug|x86
		Release|x86 = Release|x86
	EndGlobalSection
	GlobalSection(ProjectConfigurationPlatforms) = postSolution
		{D78BA859-4E58-47A1-AFCC-E91B90655C16}.Debug|x86.ActiveCfg = Debug|x86
		{D78BA859-4E58-47A1-AFCC-E91B90655C16}.Debug|x86.Build.0 = Debug|x86
		{D78BA859-4E58-47A1-AFCC-E91B90655C16}.Release|x86.ActiveCfg = Release|x86
		{D78BA859-4E58-47A1-AFCC-E91B90655C16}.Release|x86.Build.0 = Release|x86
	EndGlobalSection
	GlobalSection(SolutionProperties) = preSolution
		HideSolutionNode = FALSE
	EndGlobalSection
EndGlobal
